{
    "_meta": {
        "hash": {
            "sha256": "be4c45363eeaf9a7fc7b9e7db733dd29be67caa6a0ebb60c79aaa8ff859fda77"
        },
        "pipfile-spec": 6,
        "requires": {
            "python_version": "3.7"
        },
        "sources": [
            {
                "name": "pypi",
                "url": "https://pypi.org/simple",
                "verify_ssl": true
            }
        ]
    },
    "default": {
        "sockets": {
            "hashes": [
                "sha256:0d5691402d3da39c9ef6330647d847b0bed93a4ce8b23bf1a18133e2dcbb5c8d",
                "sha256:cdb78b0f37b78adadedcc55cdd73c61aacbeb0f00c4c551f1b60f1463457c90b"
            ],
            "index": "pypi",
            "version": "==1.0.0"
        }
    },
    "develop": {}
}
